// !$*UTF8*$!
{
	archiveVersion = 1;
	classes = {
	};
	objectVersion = 50;
	objects = {

/* Begin PBXBuildFile section */
		184C041123FFA96C006C623B /* AppDelegate.swift in Sources */ = {isa = PBXBuildFile; fileRef = 184C041023FFA96C006C623B /* AppDelegate.swift */; };
		184C041323FFA96C006C623B /* SceneDelegate.swift in Sources */ = {isa = PBXBuildFile; fileRef = 184C041223FFA96C006C623B /* SceneDelegate.swift */; };
		184C041523FFA96C006C623B /* ViewController.swift in Sources */ = {isa = PBXBuildFile; fileRef = 184C041423FFA96C006C623B /* ViewController.swift */; };
		184C041823FFA96C006C623B /* Main.storyboard in Resources */ = {isa = PBXBuildFile; fileRef = 184C041623FFA96C006C623B /* Main.storyboard */; };
		184C041A23FFA96E006C623B /* Assets.xcassets in Resources */ = {isa = PBXBuildFile; fileRef = 184C041923FFA96E006C623B /* Assets.xcassets */; };
		184C041D23FFA96E006C623B /* LaunchScreen.storyboard in Resources */ = {isa = PBXBuildFile; fileRef = 184C041B23FFA96E006C623B /* LaunchScreen.storyboard */; };
		184C042823FFA96F006C623B /* deductionAppTests.swift in Sources */ = {isa = PBXBuildFile; fileRef = 184C042723FFA96F006C623B /* deductionAppTests.swift */; };
		184C043323FFA96F006C623B /* deductionAppUITests.swift in Sources */ = {isa = PBXBuildFile; fileRef = 184C043223FFA96F006C623B /* deductionAppUITests.swift */; };
		184C044123FFA993006C623B /* SecondViewController.swift in Sources */ = {isa = PBXBuildFile; fileRef = 184C044023FFA993006C623B /* SecondViewController.swift */; };
/* End PBXBuildFile section */

/* Begin PBXContainerItemProxy section */
		184C042423FFA96F006C623B /* PBXContainerItemProxy */ = {
			isa = PBXContainerItemProxy;
			containerPortal = 184C040523FFA96C006C623B /* Project object */;
			proxyType = 1;
			remoteGlobalIDString = 184C040C23FFA96C006C623B;
			remoteInfo = deductionApp;
		};
		184C042F23FFA96F006C623B /* PBXContainerItemProxy */ = {
			isa = PBXContainerItemProxy;
			containerPortal = 184C040523FFA96C006C623B /* Project object */;
			proxyType = 1;
			remoteGlobalIDString = 184C040C23FFA96C006C623B;
			remoteInfo = deductionApp;
		};
/* End PBXContainerItemProxy section */

/* Begin PBXFileReference section */
		184C040D23FFA96C006C623B /* deductionApp.app */ = {isa = PBXFileReference; explicitFileType = wrapper.application; includeInIndex = 0; path = deductionApp.app; sourceTree = BUILT_PRODUCTS_DIR; };
		184C041023FFA96C006C623B /* AppDelegate.swift */ = {isa = PBXFileReference; lastKnownFileType = sourcecode.swift; path = AppDelegate.swift; sourceTree = "<group>"; };
		184C041223FFA96C006C623B /* SceneDelegate.swift */ = {isa = PBXFileReference; lastKnownFileType = sourcecode.swift; path = SceneDelegate.swift; sourceTree = "<group>"; };
		184C041423FFA96C006C623B /* ViewController.swift */ = {isa = PBXFileReference; lastKnownFileType = sourcecode.swift; path = ViewController.swift; sourceTree = "<group>"; };
		184C041723FFA96C006C623B /* Base */ = {isa = PBXFileReference; lastKnownFileType = file.storyboard; name = Base; path = Base.lproj/Main.storyboard; sourceTree = "<group>"; };
		184C041923FFA96E006C623B /* Assets.xcassets */ = {isa = PBXFileReference; lastKnownFileType = folder.assetcatalog; path = Assets.xcassets; sourceTree = "<group>"; };
		184C041C23FFA96E006C623B /* Base */ = {isa = PBXFileReference; lastKnownFileType = file.storyboard; name = Base; path = Base.lproj/LaunchScreen.storyboard; sourceTree = "<group>"; };
		184C041E23FFA96E006C623B /* Info.plist */ = {isa = PBXFileReference; lastKnownFileType = text.plist.xml; path = Info.plist; sourceTree = "<group>"; };
		184C042323FFA96F006C623B /* deductionAppTests.xctest */ = {isa = PBXFileReference; explicitFileType = wrapper.cfbundle; includeInIndex = 0; path = deductionAppTests.xctest; sourceTree = BUILT_PRODUCTS_DIR; };
		184C042723FFA96F006C623B /* deductionAppTests.swift */ = {isa = PBXFileReference; lastKnownFileType = sourcecode.swift; path = deductionAppTests.swift; sourceTree = "<group>"; };
		184C042923FFA96F006C623B /* Info.plist */ = {isa = PBXFileReference; lastKnownFileType = text.plist.xml; path = Info.plist; sourceTree = "<group>"; };
		184C042E23FFA96F006C623B /* deductionAppUITests.xctest */ = {isa = PBXFileReference; explicitFileType = wrapper.cfbundle; includeInIndex = 0; path = deductionAppUITests.xctest; sourceTree = BUILT_PRODUCTS_DIR; };
		184C043223FFA96F006C623B /* deductionAppUITests.swift */ = {isa = PBXFileReference; lastKnownFileType = sourcecode.swift; path = deductionAppUITests.swift; sourceTree = "<group>"; };
		184C043423FFA96F006C623B /* Info.plist */ = {isa = PBXFileReference; lastKnownFileType = text.plist.xml; path = Info.plist; sourceTree = "<group>"; };
		184C044023FFA993006C623B /* SecondViewController.swift */ = {isa = PBXFileReference; lastKnownFileType = sourcecode.swift; path = SecondViewController.swift; sourceTree = "<group>"; };
/* End PBXFileReference section */

/* Begin PBXFrameworksBuildPhase section */
		184C040A23FFA96C006C623B /* Frameworks */ = {
			isa = PBXFrameworksBuildPhase;
			buildActionMask = 2147483647;
			files = (
			);
			runOnlyForDeploymentPostprocessing = 0;
		};
		184C042023FFA96F006C623B /* Frameworks */ = {
			isa = PBXFrameworksBuildPhase;
			buildActionMask = 2147483647;
			files = (
			);
			runOnlyForDeploymentPostprocessing = 0;
		};
		184C042B23FFA96F006C623B /* Frameworks */ = {
			isa = PBXFrameworksBuildPhase;
			buildActionMask = 2147483647;
			files = (
			);
			runOnlyForDeploymentPostprocessing = 0;
		};
/* End PBXFrameworksBuildPhase section */

/* Begin PBXGroup section */
		184C040423FFA96C006C623B = {
			isa = PBXGroup;
			children = (
				184C040F23FFA96C006C623B /* deductionApp */,
				184C042623FFA96F006C623B /* deductionAppTests */,
				184C043123FFA96F006C623B /* deductionAppUITests */,
				184C040E23FFA96C006C623B /* Products */,
			);
			sourceTree = "<group>";
		};
		184C040E23FFA96C006C623B /* Products */ = {
			isa = PBXGroup;
			children = (
				184C040D23FFA96C006C623B /* deductionApp.app */,
				184C042323FFA96F006C623B /* deductionAppTests.xctest */,
				184C042E23FFA96F006C623B /* deductionAppUITests.xctest */,
			);
			name = Products;
			sourceTree = "<group>";
		};
		184C040F23FFA96C006C623B /* deductionApp */ = {
			isa = PBXGroup;
			children = (
				184C041023FFA96C006C623B /* AppDelegate.swift */,
				184C041223FFA96C006C623B /* SceneDelegate.swift */,
				184C041423FFA96C006C623B /* ViewController.swift */,
				184C041623FFA96C006C623B /* Main.storyboard */,
				184C041923FFA96E006C623B /* Assets.xcassets */,
				184C041B23FFA96E006C623B /* LaunchScreen.storyboard */,
				184C041E23FFA96E006C623B /* Info.plist */,
				184C044023FFA993006C623B /* SecondViewController.swift */,
			);
			path = deductionApp;
			sourceTree = "<group>";
		};
		184C042623FFA96F006C623B /* deductionAppTests */ = {
			isa = PBXGroup;
			children = (
				184C042723FFA96F006C623B /* deductionAppTests.swift */,
				184C042923FFA96F006C623B /* Info.plist */,
			);
			path = deductionAppTests;
			sourceTree = "<group>";
		};
		184C043123FFA96F006C623B /* deductionAppUITests */ = {
			isa = PBXGroup;
			children = (
				184C043223FFA96F006C623B /* deductionAppUITests.swift */,
				184C043423FFA96F006C623B /* Info.plist */,
			);
			path = deductionAppUITests;
			sourceTree = "<group>";
		};
/* End PBXGroup section */

/* Begin PBXNativeTarget section */
		184C040C23FFA96C006C623B /* deductionApp */ = {
			isa = PBXNativeTarget;
			buildConfigurationList = 184C043723FFA96F006C623B /* Build configuration list for PBXNativeTarget "deductionApp" */;
			buildPhases = (
				184C040923FFA96C006C623B /* Sources */,
				184C040A23FFA96C006C623B /* Frameworks */,
				184C040B23FFA96C006C623B /* Resources */,
			);
			buildRules = (
			);
			dependencies = (
			);
			name = deductionApp;
			productName = deductionApp;
			productReference = 184C040D23FFA96C006C623B /* deductionApp.app */;
			productType = "com.apple.product-type.application";
		};
		184C042223FFA96F006C623B /* deductionAppTests */ = {
			isa = PBXNativeTarget;
			buildConfigurationList = 184C043A23FFA96F006C623B /* Build configuration list for PBXNativeTarget "deductionAppTests" */;
			buildPhases = (
				184C041F23FFA96F006C623B /* Sources */,
				184C042023FFA96F006C623B /* Frameworks */,
				184C042123FFA96F006C623B /* Resources */,
			);
			buildRules = (
			);
			dependencies = (
				184C042523FFA96F006C623B /* PBXTargetDependency */,
			);
			name = deductionAppTests;
			productName = deductionAppTests;
			productReference = 184C042323FFA96F006C623B /* deductionAppTests.xctest */;
			productType = "com.apple.product-type.bundle.unit-test";
		};
		184C042D23FFA96F006C623B /* deductionAppUITests */ = {
			isa = PBXNativeTarget;
			buildConfigurationList = 184C043D23FFA96F006C623B /* Build configuration list for PBXNativeTarget "deductionAppUITests" */;
			buildPhases = (
				184C042A23FFA96F006C623B /* Sources */,
				184C042B23FFA96F006C623B /* Frameworks */,
				184C042C23FFA96F006C623B /* Resources */,
			);
			buildRules = (
			);
			dependencies = (
				184C043023FFA96F006C623B /* PBXTargetDependency */,
			);
			name = deductionAppUITests;
			productName = deductionAppUITests;
			productReference = 184C042E23FFA96F006C623B /* deductionAppUITests.xctest */;
			productType = "com.apple.product-type.bundle.ui-testing";
		};
/* End PBXNativeTarget section */

/* Begin PBXProject section */
		184C040523FFA96C006C623B /* Project object */ = {
			isa = PBXProject;
			attributes = {
				LastSwiftUpdateCheck = 1130;
				LastUpgradeCheck = 1130;
				ORGANIZATIONNAME = apple;
				TargetAttributes = {
					184C040C23FFA96C006C623B = {
						CreatedOnToolsVersion = 11.3.1;
					};
					184C042223FFA96F006C623B = {
						CreatedOnToolsVersion = 11.3.1;
						TestTargetID = 184C040C23FFA96C006C623B;
					};
					184C042D23FFA96F006C623B = {
						CreatedOnToolsVersion = 11.3.1;
						TestTargetID = 184C040C23FFA96C006C623B;
					};
				};
			};
			buildConfigurationList = 184C040823FFA96C006C623B /* Build configuration list for PBXProject "deductionApp" */;
			compatibilityVersion = "Xcode 9.3";
			developmentRegion = en;
			hasScannedForEncodings = 0;
			knownRegions = (
				en,
				Base,
			);
			mainGroup = 184C040423FFA96C006C623B;
			productRefGroup = 184C040E23FFA96C006C623B /* Products */;
			projectDirPath = "";
			projectRoot = "";
			targets = (
				184C040C23FFA96C006C623B /* deductionApp */,
				184C042223FFA96F006C623B /* deductionAppTests */,
				184C042D23FFA96F006C623B /* deductionAppUITests */,
			);
		};
/* End PBXProject section */

/* Begin PBXResourcesBuildPhase section */
		184C040B23FFA96C006C623B /* Resources */ = {
			isa = PBXResourcesBuildPhase;
			buildActionMask = 2147483647;
			files = (
				184C041D23FFA96E006C623B /* LaunchScreen.storyboard in Resources */,
				184C041A23FFA96E006C623B /* Assets.xcassets in Resources */,
				184C041823FFA96C006C623B /* Main.storyboard in Resources */,
			);
			runOnlyForDeploymentPostprocessing = 0;
		};
		184C042123FFA96F006C623B /* Resources */ = {
			isa = PBXResourcesBuildPhase;
			buildActionMask = 2147483647;
			files = (
			);
			runOnlyForDeploymentPostprocessing = 0;
		};
		184C042C23FFA96F006C623B /* Resources */ = {
			isa = PBXResourcesBuildPhase;
			buildActionMask = 2147483647;
			files = (
			);
			runOnlyForDeploymentPostprocessing = 0;
		};
/* End PBXResourcesBuildPhase section */

/* Begin PBXSourcesBuildPhase section */
		184C040923FFA96C006C623B /* Sources */ = {
			isa = PBXSourcesBuildPhase;
			buildActionMask = 2147483647;
			files = (
				184C044123FFA993006C623B /* SecondViewController.swift in Sources */,
				184C041523FFA96C006C623B /* ViewController.swift in Sources */,
				184C041123FFA96C006C623B /* AppDelegate.swift in Sources */,
				184C041323FFA96C006C623B /* SceneDelegate.swift in Sources */,
			);
			runOnlyForDeploymentPostprocessing = 0;
		};
		184C041F23FFA96F006C623B /* Sources */ = {
			isa = PBXSourcesBuildPhase;
			buildActionMask = 2147483647;
			files = (
				184C042823FFA96F006C623B /* deductionAppTests.swift in Sources */,
			);
			runOnlyForDeploymentPostprocessing = 0;
		};
		184C042A23FFA96F006C623B /* Sources */ = {
			isa = PBXSourcesBuildPhase;
			buildActionMask = 2147483647;
			files = (
				184C043323FFA96F006C623B /* deductionAppUITests.swift in Sources */,
			);
			runOnlyForDeploymentPostprocessing = 0;
		};
/* End PBXSourcesBuildPhase section */

/* Begin PBXTargetDependency section */
		184C042523FFA96F006C623B /* PBXTargetDependency */ = {
			isa = PBXTargetDependency;
			target = 184C040C23FFA96C006C623B /* deductionApp */;
			targetProxy = 184C042423FFA96F006C623B /* PBXContainerItemProxy */;
		};
		184C043023FFA96F006C623B /* PBXTargetDependency */ = {
			isa = PBXTargetDependency;
			target = 184C040C23FFA96C006C623B /* deductionApp */;
			targetProxy = 184C042F23FFA96F006C623B /* PBXContainerItemProxy */;
		};
/* End PBXTargetDependency section */

/* Begin PBXVariantGroup section */
		184C041623FFA96C006C623B /* Main.storyboard */ = {
			isa = PBXVariantGroup;
			children = (
				184C041723FFA96C006C623B /* Base */,
			);
			name = Main.storyboard;
			sourceTree = "<group>";
		};
		184C041B23FFA96E006C623B /* LaunchScreen.storyboard */ = {
			isa = PBXVariantGroup;
			children = (
				184C041C23FFA96E006C623B /* Base */,
			);
			name = LaunchScreen.storyboard;
			sourceTree = "<group>";
		};
/* End PBXVariantGroup section */

/* Begin XCBuildConfiguration section */
		184C043523FFA96F006C623B /* Debug */ = {
			isa = XCBuildConfiguration;
			buildSettings = {
				ALWAYS_SEARCH_USER_PATHS = NO;
				CLANG_ANALYZER_NONNULL = YES;
				CLANG_ANALYZER_NUMBER_OBJECT_CONVERSION = YES_AGGRESSIVE;
				CLANG_CXX_LANGUAGE_STANDARD = "gnu++14";
				CLANG_CXX_LIBRARY = "libc++";
				CLANG_ENABLE_MODULES = YES;
				CLANG_ENABLE_OBJC_ARC = YES;
				CLANG_ENABLE_OBJC_WEAK = YES;
				CLANG_WARN_BLOCK_CAPTURE_AUTORELEASING = YES;
				CLANG_WARN_BOOL_CONVERSION = YES;
				CLANG_WARN_COMMA = YES;
				CLANG_WARN_CONSTANT_CONVERSION = YES;
				CLANG_WARN_DEPRECATED_OBJC_IMPLEMENTATIONS = YES;
				CLANG_WARN_DIRECT_OBJC_ISA_USAGE = YES_ERROR;
				CLANG_WARN_DOCUMENTATION_COMMENTS = YES;
				CLANG_WARN_EMPTY_BODY = YES;
				CLANG_WARN_ENUM_CONVERSION = YES;
				CLANG_WARN_INFINITE_RECURSION = YES;
				CLANG_WARN_INT_CONVERSION = YES;
				CLANG_WARN_NON_LITERAL_NULL_CONVERSION = YES;
				CLANG_WARN_OBJC_IMPLICIT_RETAIN_SELF = YES;
				CLANG_WARN_OBJC_LITERAL_CONVERSION = YES;
				CLANG_WARN_OBJC_ROOT_CLASS = YES_ERROR;
				CLANG_WARN_RANGE_LOOP_ANALYSIS = YES;
				CLANG_WARN_STRICT_PROTOTYPES = YES;
				CLANG_WARN_SUSPICIOUS_MOVE = YES;
				CLANG_WARN_UNGUARDED_AVAILABILITY = YES_AGGRESSIVE;
				CLANG_WARN_UNREACHABLE_CODE = YES;
				CLANG_WARN__DUPLICATE_METHOD_MATCH = YES;
				COPY_PHASE_STRIP = NO;
				DEBUG_INFORMATION_FORMAT = dwarf;
				ENABLE_STRICT_OBJC_MSGSEND = YES;
				ENABLE_TESTABILITY = YES;
				GCC_C_LANGUAGE_STANDARD = gnu11;
				GCC_DYNAMIC_NO_PIC = NO;
				GCC_NO_COMMON_BLOCKS = YES;
				GCC_OPTIMIZATION_LEVEL = 0;
				GCC_PREPROCESSOR_DEFINITIONS = (
					"DEBUG=1",
					"$(inherited)",
				);
				GCC_WARN_64_TO_32_BIT_CONVERSION = YES;
				GCC_WARN_ABOUT_RETURN_TYPE = YES_ERROR;
				GCC_WARN_UNDECLARED_SELECTOR = YES;
				GCC_WARN_UNINITIALIZED_AUTOS = YES_AGGRESSIVE;
				GCC_WARN_UNUSED_FUNCTION = YES;
				GCC_WARN_UNUSED_VARIABLE = YES;
				IPHONEOS_DEPLOYMENT_TARGET = 13.2;
				MTL_ENABLE_DEBUG_INFO = INCLUDE_SOURCE;
				MTL_FAST_MATH = YES;
				ONLY_ACTIVE_ARCH = YES;
				SDKROOT = iphoneos;
				SWIFT_ACTIVE_COMPILATION_CONDITIONS = DEBUG;
				SWIFT_OPTIMIZATION_LEVEL = "-Onone";
			};
			name = Debug;
		};
		184C043623FFA96F006C623B /* Release */ = {
			isa = XCBuildConfiguration;
			buildSettings = {
				ALWAYS_SEARCH_USER_PATHS = NO;
				CLANG_ANALYZER_NONNULL = YES;
				CLANG_ANALYZER_NUMBER_OBJECT_CONVERSION = YES_AGGRESSIVE;
				CLANG_CXX_LANGUAGE_STANDARD = "gnu++14";
				CLANG_CXX_LIBRARY = "libc++";
				CLANG_ENABLE_MODULES = YES;
				CLANG_ENABLE_OBJC_ARC = YES;
				CLANG_ENABLE_OBJC_WEAK = YES;
				CLANG_WARN_BLOCK_CAPTURE_AUTORELEASING = YES;
				CLANG_WARN_BOOL_CONVERSION = YES;
				CLANG_WARN_COMMA = YES;
				CLANG_WARN_CONSTANT_CONVERSION = YES;
				CLANG_WARN_DEPRECATED_OBJC_IMPLEMENTATIONS = YES;
				CLANG_WARN_DIRECT_OBJC_ISA_USAGE = YES_ERROR;
				CLANG_WARN_DOCUMENTATION_COMMENTS = YES;
				CLANG_WARN_EMPTY_BODY = YES;
				CLANG_WARN_ENUM_CONVERSION = YES;
				CLANG_WARN_INFINITE_RECURSION = YES;
				CLANG_WARN_INT_CONVERSION = YES;
				CLANG_WARN_NON_LITERAL_NULL_CONVERSION = YES;
				CLANG_WARN_OBJC_IMPLICIT_RETAIN_SELF = YES;
				CLANG_WARN_OBJC_LITERAL_CONVERSION = YES;
				CLANG_WARN_OBJC_ROOT_CLASS = YES_ERROR;
				CLANG_WARN_RANGE_LOOP_ANALYSIS = YES;
				CLANG_WARN_STRICT_PROTOTYPES = YES;
				CLANG_WARN_SUSPICIOUS_MOVE = YES;
				CLANG_WARN_UNGUARDED_AVAILABILITY = YES_AGGRESSIVE;
				CLANG_WARN_UNREACHABLE_CODE = YES;
				CLANG_WARN__DUPLICATE_METHOD_MATCH = YES;
				COPY_PHASE_STRIP = NO;
				DEBUG_INFORMATION_FORMAT = "dwarf-with-dsym";
				ENABLE_NS_ASSERTIONS = NO;
				ENABLE_STRICT_OBJC_MSGSEND = YES;
				GCC_C_LANGUAGE_STANDARD = gnu11;
				GCC_NO_COMMON_BLOCKS = YES;
				GCC_WARN_64_TO_32_BIT_CONVERSION = YES;
				GCC_WARN_ABOUT_RETURN_TYPE = YES_ERROR;
				GCC_WARN_UNDECLARED_SELECTOR = YES;
				GCC_WARN_UNINITIALIZED_AUTOS = YES_AGGRESSIVE;
				GCC_WARN_UNUSED_FUNCTION = YES;
				GCC_WARN_UNUSED_VARIABLE = YES;
				IPHONEOS_DEPLOYMENT_TARGET = 13.2;
				MTL_ENABLE_DEBUG_INFO = NO;
				MTL_FAST_MATH = YES;
				SDKROOT = iphoneos;
				SWIFT_COMPILATION_MODE = wholemodule;
				SWIFT_OPTIMIZATION_LEVEL = "-O";
				VALIDATE_PRODUCT = YES;
			};
			name = Release;
		};
		184C043823FFA96F006C623B /* Debug */ = {
			isa = XCBuildConfiguration;
			buildSettings = {
				ASSETCATALOG_COMPILER_APPICON_NAME = AppIcon;
				CODE_SIGN_STYLE = Automatic;
				INFOPLIST_FILE = deductionApp/Info.plist;
				LD_RUNPATH_SEARCH_PATHS = (
					"$(inherited)",
					"@executable_path/Frameworks",
				);
				PRODUCT_BUNDLE_IDENTIFIER = bans.deductionApp;
				PRODUCT_NAME = "$(TARGET_NAME)";
				SWIFT_VERSION = 5.0;
				TARGETED_DEVICE_FAMILY = "1,2";
			};
			name = Debug;
		};
		184C043923FFA96F006C623B /* Release */ = {
			isa = XCBuildConfiguration;
			buildSettings = {
				ASSETCATALOG_COMPILER_APPICON_NAME = AppIcon;
				CODE_SIGN_STYLE = Automatic;
				INFOPLIST_FILE = deductionApp/Info.plist;
				LD_RUNPATH_SEARCH_PATHS = (
					"$(inherited)",
					"@executable_path/Frameworks",
				);
				PRODUCT_BUNDLE_IDENTIFIER = bans.deductionApp;
				PRODUCT_NAME = "$(TARGET_NAME)";
				SWIFT_VERSION = 5.0;
				TARGETED_DEVICE_FAMILY = "1,2";
			};
			name = Release;
		};
		184C043B23FFA96F006C623B /* Debug */ = {
			isa = XCBuildConfiguration;
			buildSettings = {
				ALWAYS_EMBED_SWIFT_STANDARD_LIBRARIES = YES;
				BUNDLE_LOADER = "$(TEST_HOST)";
				CODE_SIGN_STYLE = Automatic;
				INFOPLIST_FILE = deductionAppTests/Info.plist;
				IPHONEOS_DEPLOYMENT_TARGET = 13.2;
				LD_RUNPATH_SEARCH_PATHS = (
					"$(inherited)",
					"@executable_path/Frameworks",
					"@loader_path/Frameworks",
				);
				PRODUCT_BUNDLE_IDENTIFIER = bans.deductionAppTests;
				PRODUCT_NAME = "$(TARGET_NAME)";
				SWIFT_VERSION = 5.0;
				TARGETED_DEVICE_FAMILY = "1,2";
				TEST_HOST = "$(BUILT_PRODUCTS_DIR)/deductionApp.app/deductionApp";
			};
			name = Debug;
		};
		184C043C23FFA96F006C623B /* Release */ = {
			isa = XCBuildConfiguration;
			buildSettings = {
				ALWAYS_EMBED_SWIFT_STANDARD_LIBRARIES = YES;
				BUNDLE_LOADER = "$(TEST_HOST)";
				CODE_SIGN_STYLE = Automatic;
				INFOPLIST_FILE = deductionAppTests/Info.plist;
				IPHONEOS_DEPLOYMENT_TARGET = 13.2;
				LD_RUNPATH_SEARCH_PATHS = (
					"$(inherited)",
					"@executable_path/Frameworks",
					"@loader_path/Frameworks",
				);
				PRODUCT_BUNDLE_IDENTIFIER = bans.deductionAppTests;
				PRODUCT_NAME = "$(TARGET_NAME)";
				SWIFT_VERSION = 5.0;
				TARGETED_DEVICE_FAMILY = "1,2";
				TEST_HOST = "$(BUILT_PRODUCTS_DIR)/deductionApp.app/deductionApp";
			};
			name = Release;
		};
		184C043E23FFA96F006C623B /* Debug */ = {
			isa = XCBuildConfiguration;
			buildSettings = {
				ALWAYS_EMBED_SWIFT_STANDARD_LIBRARIES = YES;
				CODE_SIGN_STYLE = Automatic;
				INFOPLIST_FILE = deductionAppUITests/Info.plist;
				LD_RUNPATH_SEARCH_PATHS = (
					"$(inherited)",
					"@executable_path/Frameworks",
					"@loader_path/Frameworks",
				);
				PRODUCT_BUNDLE_IDENTIFIER = bans.deductionAppUITests;
				PRODUCT_NAME = "$(TARGET_NAME)";
				SWIFT_VERSION = 5.0;
				TARGETED_DEVICE_FAMILY = "1,2";
				TEST_TARGET_NAME = deductionApp;
			};
			name = Debug;
		};
		184C043F23FFA96F006C623B /* Release */ = {
			isa = XCBuildConfiguration;
			buildSettings = {
				ALWAYS_EMBED_SWIFT_STANDARD_LIBRARIES = YES;
				CODE_SIGN_STYLE = Automatic;
				INFOPLIST_FILE = deductionAppUITests/Info.plist;
				LD_RUNPATH_SEARCH_PATHS = (
					"$(inherited)",
					"@executable_path/Frameworks",
					"@loader_path/Frameworks",
				);
				PRODUCT_BUNDLE_IDENTIFIER = bans.deductionAppUITests;
				PRODUCT_NAME = "$(TARGET_NAME)";
				SWIFT_VERSION = 5.0;
				TARGETED_DEVICE_FAMILY = "1,2";
				TEST_TARGET_NAME = deductionApp;
			};
			name = Release;
		};
/* End XCBuildConfiguration section */

/* Begin XCConfigurationList section */
		184C040823FFA96C006C623B /* Build configuration list for PBXProject "deductionApp" */ = {
			isa = XCConfigurationList;
			buildConfigurations = (
				184C043523FFA96F006C623B /* Debug */,
				184C043623FFA96F006C623B /* Release */,
			);
			defaultConfigurationIsVisible = 0;
			defaultConfigurationName = Release;
		};
		184C043723FFA96F006C623B /* Build configuration list for PBXNativeTarget "deductionApp" */ = {
			isa = XCConfigurationList;
			buildConfigurations = (
				184C043823FFA96F006C623B /* Debug */,
				184C043923FFA96F006C623B /* Release */,
			);
			defaultConfigurationIsVisible = 0;
			defaultConfigurationName = Release;
		};
		184C043A23FFA96F006C623B /* Build configuration list for PBXNativeTarget "deductionAppTests" */ = {
			isa = XCConfigurationList;
			buildConfigurations = (
				184C043B23FFA96F006C623B /* Debug */,
				184C043C23FFA96F006C623B /* Release */,
			);
			defaultConfigurationIsVisible = 0;
			defaultConfigurationName = Release;
		};
		184C043D23FFA96F006C623B /* Build configuration list for PBXNativeTarget "deductionAppUITests" */ = {
			isa = XCConfigurationList;
			buildConfigurations = (
				184C043E23FFA96F006C623B /* Debug */,
				184C043F23FFA96F006C623B /* Release */,
			);
			defaultConfigurationIsVisible = 0;
			defaultConfigurationName = Release;
		};
/* End XCConfigurationList section */
	};
	rootObject = 184C040523FFA96C006C623B /* Project object */;
}
